
Microsoft Visual Studio Solution File, Format Version 12.00
# Visual Studio 15
VisualStudioVersion = 15.0.28307.757
MinimumVisualStudioVersion = 10.0.40219.1
Project("{8BC9CEB8-8B4A-11D0-8D11-00A0C91BC942}") = "OmokClient", "OmokClient\OmokClient.vcxproj", "{41753D62-2CA0-4D3B-91B9-FF9B3B6434DF}"
EndProject
Global
	GlobalSection(SolutionConfigurationPlatforms) = preSolution
		Debug|x64 = Debug|x64
		Debug|x86 = Debug|x86
		Release|x64 = Release|x64
		Release|x86 = Release|x86
	EndGlobalSection
	GlobalSection(ProjectConfigurationPlatforms) = postSolution
		{41753D62-2CA0-4D3B-91B9-FF9B3B6434DF}.Debug|x64.ActiveCfg = Debug|x64
		{41753D62-2CA0-4D3B-91B9-FF9B3B6434DF}.Debug|x64.Build.0 = Debug|x64
		{41753D62-2CA0-4D3B-91B9-FF9B3B6434DF}.Debug|x86.ActiveCfg = Debug|Win32
		{41753D62-2CA0-4D3B-91B9-FF9B3B6434DF}.Debug|x86.Build.0 = Debug|Win32
		{41753D62-2CA0-4D3B-91B9-FF9B3B6434DF}.Release|x64.ActiveCfg = Release|x64
		{41753D62-2CA0-4D3B-91B9-FF9B3B6434DF}.Release|x64.Build.0 = Release|x64
		{41753D62-2CA0-4D3B-91B9-FF9B3B6434DF}.Release|x86.ActiveCfg = Release|Win32
		{41753D62-2CA0-4D3B-91B9-FF9B3B6434DF}.Release|x86.Build.0 = Release|Win32
	EndGlobalSection
	GlobalSection(SolutionProperties) = preSolution
		HideSolutionNode = FALSE
	EndGlobalSection
	GlobalSection(ExtensibilityGlobals) = postSolution
		SolutionGuid = {34A20841-CA88-4BC0-BC87-11C2F08DD673}
	EndGlobalSection
EndGlobal
